
Microsoft Visual Studio Solution File, Format Version 12.00
# Visual Studio Version 16
VisualStudioVersion = 16.0.30711.63
MinimumVisualStudioVersion = 10.0.40219.1
Project("{9A19103F-16F7-4668-BE54-9A1E7A4F7556}") = "Limxc.Tools", "Limxc.Tools\Limxc.Tools.csproj", "{7F72063E-6783-4B30-A438-88AD1B101591}"
EndProject
Project("{9A19103F-16F7-4668-BE54-9A1E7A4F7556}") = "Limxc.Tools.Core", "Limxc.Tools.Core\Limxc.Tools.Core.csproj", "{DE8181D7-6E8D-4794-A2F8-DD20DBCE9ADA}"
EndProject
Project("{9A19103F-16F7-4668-BE54-9A1E7A4F7556}") = "Limxc.Tools.Fx", "Limxc.Tools.Fx\Limxc.Tools.Fx.csproj", "{2634DA37-6A52-4F93-BEE1-43E9366462B8}"
EndProject
Project("{2150E333-8FDC-42A3-9474-1A3956D46DE8}") = "Solution Items", "Solution Items", "{AA3A0265-B795-4393-AD72-308B8400A8DA}"
	ProjectSection(SolutionItems) = preProject
		.editorconfig = .editorconfig
		.gitattributes = .gitattributes
		.gitignore = .gitignore
		Directory.Build.props = Directory.Build.props
		LICENSE = LICENSE
		ReadMe.md = ReadMe.md
	EndProjectSection
EndProject
Project("{FAE04EC0-301F-11D3-BF4B-00C04F79EFBC}") = "DeviceTester", "DeviceTester\DeviceTester.csproj", "{D0121653-B36C-4849-8BBA-8BC7B4534E80}"
EndProject
Project("{2150E333-8FDC-42A3-9474-1A3956D46DE8}") = "Src", "Src", "{7F1779AD-20F8-4797-BF4A-79AD3D746FC3}"
EndProject
Project("{2150E333-8FDC-42A3-9474-1A3956D46DE8}") = "Test", "Test", "{8F3EC7F7-6D4C-41F2-822D-2F6DD0FC2892}"
EndProject
Project("{9A19103F-16F7-4668-BE54-9A1E7A4F7556}") = "Limxc.Tools.DeviceComm", "Limxc.Tools.DeviceComm\Limxc.Tools.DeviceComm.csproj", "{4B147F67-CB13-434E-A06C-8648EBBEC4D3}"
EndProject
Project("{FAE04EC0-301F-11D3-BF4B-00C04F79EFBC}") = "Limxc.Tools.CoreTests", "Limxc.Tools.CoreTests\Limxc.Tools.CoreTests.csproj", "{78F02767-7E66-420A-9DDE-7A9D8458F20D}"
EndProject
Project("{FAE04EC0-301F-11D3-BF4B-00C04F79EFBC}") = "Limxc.Tools.DeviceCommTests", "Limxc.Tools.DeviceCommTests\Limxc.Tools.DeviceCommTests.csproj", "{55EBB938-1A93-47C0-97DA-2AC5A321795B}"
EndProject
Project("{FAE04EC0-301F-11D3-BF4B-00C04F79EFBC}") = "Limxc.ToolsTests", "Limxc.ToolsTests\Limxc.ToolsTests.csproj", "{4BE4E99B-92EB-4A71-BDF7-29ABC03ED5C8}"
EndProject
Global
	GlobalSection(SolutionConfigurationPlatforms) = preSolution
		Debug|Any CPU = Debug|Any CPU
		Release|Any CPU = Release|Any CPU
	EndGlobalSection
	GlobalSection(ProjectConfigurationPlatforms) = postSolution
		{7F72063E-6783-4B30-A438-88AD1B101591}.Debug|Any CPU.ActiveCfg = Debug|Any CPU
		{7F72063E-6783-4B30-A438-88AD1B101591}.Debug|Any CPU.Build.0 = Debug|Any CPU
		{7F72063E-6783-4B30-A438-88AD1B101591}.Release|Any CPU.ActiveCfg = Release|Any CPU
		{7F72063E-6783-4B30-A438-88AD1B101591}.Release|Any CPU.Build.0 = Release|Any CPU
		{DE8181D7-6E8D-4794-A2F8-DD20DBCE9ADA}.Debug|Any CPU.ActiveCfg = Debug|Any CPU
		{DE8181D7-6E8D-4794-A2F8-DD20DBCE9ADA}.Debug|Any CPU.Build.0 = Debug|Any CPU
		{DE8181D7-6E8D-4794-A2F8-DD20DBCE9ADA}.Release|Any CPU.ActiveCfg = Release|Any CPU
		{DE8181D7-6E8D-4794-A2F8-DD20DBCE9ADA}.Release|Any CPU.Build.0 = Release|Any CPU
		{2634DA37-6A52-4F93-BEE1-43E9366462B8}.Debug|Any CPU.ActiveCfg = Debug|Any CPU
		{2634DA37-6A52-4F93-BEE1-43E9366462B8}.Debug|Any CPU.Build.0 = Debug|Any CPU
		{2634DA37-6A52-4F93-BEE1-43E9366462B8}.Release|Any CPU.ActiveCfg = Release|Any CPU
		{2634DA37-6A52-4F93-BEE1-43E9366462B8}.Release|Any CPU.Build.0 = Release|Any CPU
		{D0121653-B36C-4849-8BBA-8BC7B4534E80}.Debug|Any CPU.ActiveCfg = Debug|Any CPU
		{D0121653-B36C-4849-8BBA-8BC7B4534E80}.Debug|Any CPU.Build.0 = Debug|Any CPU
		{D0121653-B36C-4849-8BBA-8BC7B4534E80}.Release|Any CPU.ActiveCfg = Release|Any CPU
		{D0121653-B36C-4849-8BBA-8BC7B4534E80}.Release|Any CPU.Build.0 = Release|Any CPU
		{4B147F67-CB13-434E-A06C-8648EBBEC4D3}.Debug|Any CPU.ActiveCfg = Debug|Any CPU
		{4B147F67-CB13-434E-A06C-8648EBBEC4D3}.Debug|Any CPU.Build.0 = Debug|Any CPU
		{4B147F67-CB13-434E-A06C-8648EBBEC4D3}.Release|Any CPU.ActiveCfg = Release|Any CPU
		{4B147F67-CB13-434E-A06C-8648EBBEC4D3}.Release|Any CPU.Build.0 = Release|Any CPU
		{78F02767-7E66-420A-9DDE-7A9D8458F20D}.Debug|Any CPU.ActiveCfg = Debug|Any CPU
		{78F02767-7E66-420A-9DDE-7A9D8458F20D}.Debug|Any CPU.Build.0 = Debug|Any CPU
		{78F02767-7E66-420A-9DDE-7A9D8458F20D}.Release|Any CPU.ActiveCfg = Release|Any CPU
		{78F02767-7E66-420A-9DDE-7A9D8458F20D}.Release|Any CPU.Build.0 = Release|Any CPU
		{55EBB938-1A93-47C0-97DA-2AC5A321795B}.Debug|Any CPU.ActiveCfg = Debug|Any CPU
		{55EBB938-1A93-47C0-97DA-2AC5A321795B}.Debug|Any CPU.Build.0 = Debug|Any CPU
		{55EBB938-1A93-47C0-97DA-2AC5A321795B}.Release|Any CPU.ActiveCfg = Release|Any CPU
		{55EBB938-1A93-47C0-97DA-2AC5A321795B}.Release|Any CPU.Build.0 = Release|Any CPU
		{4BE4E99B-92EB-4A71-BDF7-29ABC03ED5C8}.Debug|Any CPU.ActiveCfg = Debug|Any CPU
		{4BE4E99B-92EB-4A71-BDF7-29ABC03ED5C8}.Debug|Any CPU.Build.0 = Debug|Any CPU
		{4BE4E99B-92EB-4A71-BDF7-29ABC03ED5C8}.Release|Any CPU.ActiveCfg = Release|Any CPU
		{4BE4E99B-92EB-4A71-BDF7-29ABC03ED5C8}.Release|Any CPU.Build.0 = Release|Any CPU
	EndGlobalSection
	GlobalSection(SolutionProperties) = preSolution
		HideSolutionNode = FALSE
	EndGlobalSection
	GlobalSection(NestedProjects) = preSolution
		{7F72063E-6783-4B30-A438-88AD1B101591} = {7F1779AD-20F8-4797-BF4A-79AD3D746FC3}
		{DE8181D7-6E8D-4794-A2F8-DD20DBCE9ADA} = {7F1779AD-20F8-4797-BF4A-79AD3D746FC3}
		{2634DA37-6A52-4F93-BEE1-43E9366462B8} = {7F1779AD-20F8-4797-BF4A-79AD3D746FC3}
		{D0121653-B36C-4849-8BBA-8BC7B4534E80} = {8F3EC7F7-6D4C-41F2-822D-2F6DD0FC2892}
		{4B147F67-CB13-434E-A06C-8648EBBEC4D3} = {7F1779AD-20F8-4797-BF4A-79AD3D746FC3}
		{78F02767-7E66-420A-9DDE-7A9D8458F20D} = {8F3EC7F7-6D4C-41F2-822D-2F6DD0FC2892}
		{55EBB938-1A93-47C0-97DA-2AC5A321795B} = {8F3EC7F7-6D4C-41F2-822D-2F6DD0FC2892}
		{4BE4E99B-92EB-4A71-BDF7-29ABC03ED5C8} = {8F3EC7F7-6D4C-41F2-822D-2F6DD0FC2892}
	EndGlobalSection
	GlobalSection(ExtensibilityGlobals) = postSolution
		SolutionGuid = {331109E3-CBC8-42E6-AE35-8C5111AE53CD}
	EndGlobalSection
EndGlobal
